
Microsoft Visual Studio Solution File, Format Version 12.00
# Visual Studio Version 17
VisualStudioVersion = 17.9.34902.65
MinimumVisualStudioVersion = 10.0.40219.1
Project("{9A19103F-16F7-4668-BE54-9A1E7A4F7556}") = "HelloPhi3V", "HelloPhi3V.csproj", "{75C05439-20D3-44C3-883A-15E150E9F93E}"
EndProject
Global
	GlobalSection(SolutionConfigurationPlatforms) = preSolution
		Debug_Cuda|Any CPU = Debug_Cuda|Any CPU
		Debug_DirectML|Any CPU = Debug_DirectML|Any CPU
		Debug|Any CPU = Debug|Any CPU
		Release_Cuda|Any CPU = Release_Cuda|Any CPU
		Release_DirectML|Any CPU = Release_DirectML|Any CPU
		Release|Any CPU = Release|Any CPU
	EndGlobalSection
	GlobalSection(ProjectConfigurationPlatforms) = postSolution
		{75C05439-20D3-44C3-883A-15E150E9F93E}.Debug_Cuda|Any CPU.ActiveCfg = Debug_Cuda|Any CPU
		{75C05439-20D3-44C3-883A-15E150E9F93E}.Debug_Cuda|Any CPU.Build.0 = Debug_Cuda|Any CPU
		{75C05439-20D3-44C3-883A-15E150E9F93E}.Debug_DirectML|Any CPU.ActiveCfg = Debug_DirectML|Any CPU
		{75C05439-20D3-44C3-883A-15E150E9F93E}.Debug_DirectML|Any CPU.Build.0 = Debug_DirectML|Any CPU
		{75C05439-20D3-44C3-883A-15E150E9F93E}.Debug|Any CPU.ActiveCfg = Debug|Any CPU
		{75C05439-20D3-44C3-883A-15E150E9F93E}.Debug|Any CPU.Build.0 = Debug|Any CPU
		{75C05439-20D3-44C3-883A-15E150E9F93E}.Release_Cuda|Any CPU.ActiveCfg = Release_Cuda|Any CPU
		{75C05439-20D3-44C3-883A-15E150E9F93E}.Release_Cuda|Any CPU.Build.0 = Release_Cuda|Any CPU
		{75C05439-20D3-44C3-883A-15E150E9F93E}.Release_DirectML|Any CPU.ActiveCfg = Debug|Any CPU
		{75C05439-20D3-44C3-883A-15E150E9F93E}.Release_DirectML|Any CPU.Build.0 = Debug|Any CPU
		{75C05439-20D3-44C3-883A-15E150E9F93E}.Release|Any CPU.ActiveCfg = Release|Any CPU
		{75C05439-20D3-44C3-883A-15E150E9F93E}.Release|Any CPU.Build.0 = Release|Any CPU
	EndGlobalSection
	GlobalSection(SolutionProperties) = preSolution
		HideSolutionNode = FALSE
	EndGlobalSection
	GlobalSection(ExtensibilityGlobals) = postSolution
		SolutionGuid = {58510186-ED6B-46C0-8D3D-DB5300239D3A}
	EndGlobalSection
EndGlobal
