
Microsoft Visual Studio Solution File, Format Version 12.00
# Visual Studio Version 17
VisualStudioVersion = 17.9.34622.214
MinimumVisualStudioVersion = 10.0.40219.1
Project("{9A19103F-16F7-4668-BE54-9A1E7A4F7556}") = "Genny", "Genny\Genny.csproj", "{831197BD-63C7-4C0F-AD0E-4F6783CBB5C0}"
EndProject
Global
	GlobalSection(SolutionConfigurationPlatforms) = preSolution
		Debug_Cuda|x64 = Debug_Cuda|x64
		Debug_DirectML|x64 = Debug_DirectML|x64
		Debug|x64 = Debug|x64
		Release_Cuda|x64 = Release_Cuda|x64
		Release_DirectML|x64 = Release_DirectML|x64
		Release|x64 = Release|x64
	EndGlobalSection
	GlobalSection(ProjectConfigurationPlatforms) = postSolution
		{831197BD-63C7-4C0F-AD0E-4F6783CBB5C0}.Debug_Cuda|x64.ActiveCfg = Debug_Cuda|x64
		{831197BD-63C7-4C0F-AD0E-4F6783CBB5C0}.Debug_Cuda|x64.Build.0 = Debug_Cuda|x64
		{831197BD-63C7-4C0F-AD0E-4F6783CBB5C0}.Debug_DirectML|x64.ActiveCfg = Debug_DirectML|x64
		{831197BD-63C7-4C0F-AD0E-4F6783CBB5C0}.Debug_DirectML|x64.Build.0 = Debug_DirectML|x64
		{831197BD-63C7-4C0F-AD0E-4F6783CBB5C0}.Debug|x64.ActiveCfg = Debug|x64
		{831197BD-63C7-4C0F-AD0E-4F6783CBB5C0}.Debug|x64.Build.0 = Debug|x64
		{831197BD-63C7-4C0F-AD0E-4F6783CBB5C0}.Release_Cuda|x64.ActiveCfg = Release_Cuda|x64
		{831197BD-63C7-4C0F-AD0E-4F6783CBB5C0}.Release_Cuda|x64.Build.0 = Release_Cuda|x64
		{831197BD-63C7-4C0F-AD0E-4F6783CBB5C0}.Release_DirectML|x64.ActiveCfg = Release_DirectML|x64
		{831197BD-63C7-4C0F-AD0E-4F6783CBB5C0}.Release_DirectML|x64.Build.0 = Release_DirectML|x64
		{831197BD-63C7-4C0F-AD0E-4F6783CBB5C0}.Release|x64.ActiveCfg = Release|x64
		{831197BD-63C7-4C0F-AD0E-4F6783CBB5C0}.Release|x64.Build.0 = Release|x64
	EndGlobalSection
	GlobalSection(SolutionProperties) = preSolution
		HideSolutionNode = FALSE
	EndGlobalSection
	GlobalSection(ExtensibilityGlobals) = postSolution
		SolutionGuid = {A7159277-CA72-45A9-8327-E3BF29214643}
	EndGlobalSection
EndGlobal
