
Microsoft Visual Studio Solution File, Format Version 12.00
# Visual Studio Version 17
VisualStudioVersion = 17.9.34902.65
MinimumVisualStudioVersion = 10.0.40219.1
Project("{9A19103F-16F7-4668-BE54-9A1E7A4F7556}") = "HelloPhi", "HelloPhi.csproj", "{89932021-18FC-490C-8675-73F2AD1DEB2A}"
EndProject
Global
	GlobalSection(SolutionConfigurationPlatforms) = preSolution
		Debug_Cuda|Any CPU = Debug_Cuda|Any CPU
		Debug_Cuda|x64 = Debug_Cuda|x64
		Debug_DirectML|Any CPU = Debug_DirectML|Any CPU
		Debug_DirectML|x64 = Debug_DirectML|x64
		Debug|Any CPU = Debug|Any CPU
		Debug|x64 = Debug|x64
		Release_Cuda|Any CPU = Release_Cuda|Any CPU
		Release_Cuda|x64 = Release_Cuda|x64
		Release_DirectML|Any CPU = Release_DirectML|Any CPU
		Release_DirectML|x64 = Release_DirectML|x64
		Release|Any CPU = Release|Any CPU
		Release|x64 = Release|x64
	EndGlobalSection
	GlobalSection(ProjectConfigurationPlatforms) = postSolution
		{89932021-18FC-490C-8675-73F2AD1DEB2A}.Debug_Cuda|Any CPU.ActiveCfg = Debug_Cuda|Any CPU
		{89932021-18FC-490C-8675-73F2AD1DEB2A}.Debug_Cuda|Any CPU.Build.0 = Debug_Cuda|Any CPU
		{89932021-18FC-490C-8675-73F2AD1DEB2A}.Debug_Cuda|x64.ActiveCfg = Debug_Cuda|x64
		{89932021-18FC-490C-8675-73F2AD1DEB2A}.Debug_Cuda|x64.Build.0 = Debug_Cuda|x64
		{89932021-18FC-490C-8675-73F2AD1DEB2A}.Debug_DirectML|Any CPU.ActiveCfg = Debug_DirectML|Any CPU
		{89932021-18FC-490C-8675-73F2AD1DEB2A}.Debug_DirectML|Any CPU.Build.0 = Debug_DirectML|Any CPU
		{89932021-18FC-490C-8675-73F2AD1DEB2A}.Debug_DirectML|x64.ActiveCfg = Debug_DirectML|x64
		{89932021-18FC-490C-8675-73F2AD1DEB2A}.Debug_DirectML|x64.Build.0 = Debug_DirectML|x64
		{89932021-18FC-490C-8675-73F2AD1DEB2A}.Debug|Any CPU.ActiveCfg = Debug|Any CPU
		{89932021-18FC-490C-8675-73F2AD1DEB2A}.Debug|Any CPU.Build.0 = Debug|Any CPU
		{89932021-18FC-490C-8675-73F2AD1DEB2A}.Debug|x64.ActiveCfg = Debug|x64
		{89932021-18FC-490C-8675-73F2AD1DEB2A}.Debug|x64.Build.0 = Debug|x64
		{89932021-18FC-490C-8675-73F2AD1DEB2A}.Release_Cuda|Any CPU.ActiveCfg = Release_Cuda|Any CPU
		{89932021-18FC-490C-8675-73F2AD1DEB2A}.Release_Cuda|Any CPU.Build.0 = Release_Cuda|Any CPU
		{89932021-18FC-490C-8675-73F2AD1DEB2A}.Release_Cuda|x64.ActiveCfg = Release_Cuda|x64
		{89932021-18FC-490C-8675-73F2AD1DEB2A}.Release_Cuda|x64.Build.0 = Release_Cuda|x64
		{89932021-18FC-490C-8675-73F2AD1DEB2A}.Release_DirectML|Any CPU.ActiveCfg = Release_DirectML|Any CPU
		{89932021-18FC-490C-8675-73F2AD1DEB2A}.Release_DirectML|Any CPU.Build.0 = Release_DirectML|Any CPU
		{89932021-18FC-490C-8675-73F2AD1DEB2A}.Release_DirectML|x64.ActiveCfg = Release_DirectML|x64
		{89932021-18FC-490C-8675-73F2AD1DEB2A}.Release_DirectML|x64.Build.0 = Release_DirectML|x64
		{89932021-18FC-490C-8675-73F2AD1DEB2A}.Release|Any CPU.ActiveCfg = Release|Any CPU
		{89932021-18FC-490C-8675-73F2AD1DEB2A}.Release|Any CPU.Build.0 = Release|Any CPU
		{89932021-18FC-490C-8675-73F2AD1DEB2A}.Release|x64.ActiveCfg = Release|x64
		{89932021-18FC-490C-8675-73F2AD1DEB2A}.Release|x64.Build.0 = Release|x64
	EndGlobalSection
	GlobalSection(SolutionProperties) = preSolution
		HideSolutionNode = FALSE
	EndGlobalSection
	GlobalSection(ExtensibilityGlobals) = postSolution
		SolutionGuid = {91CC1A7F-BC1D-4FE7-8481-1F3B18051B3F}
	EndGlobalSection
EndGlobal
