
Microsoft Visual Studio Solution File, Format Version 12.00
# Visual Studio Version 17
VisualStudioVersion = 17.8.34601.278
MinimumVisualStudioVersion = 10.0.40219.1
Project("{9A19103F-16F7-4668-BE54-9A1E7A4F7556}") = "HelloPhi2", "HelloPhi2.csproj", "{3DDB5895-F908-44C6-AE96-BA3C805222B8}"
EndProject
Global
	GlobalSection(SolutionConfigurationPlatforms) = preSolution
		Debug|Any CPU = Debug|Any CPU
		Release|Any CPU = Release|Any CPU
	EndGlobalSection
	GlobalSection(ProjectConfigurationPlatforms) = postSolution
		{3DDB5895-F908-44C6-AE96-BA3C805222B8}.Debug|Any CPU.ActiveCfg = Debug|Any CPU
		{3DDB5895-F908-44C6-AE96-BA3C805222B8}.Debug|Any CPU.Build.0 = Debug|Any CPU
		{3DDB5895-F908-44C6-AE96-BA3C805222B8}.Release|Any CPU.ActiveCfg = Release|Any CPU
		{3DDB5895-F908-44C6-AE96-BA3C805222B8}.Release|Any CPU.Build.0 = Release|Any CPU
	EndGlobalSection
	GlobalSection(SolutionProperties) = preSolution
		HideSolutionNode = FALSE
	EndGlobalSection
	GlobalSection(ExtensibilityGlobals) = postSolution
		SolutionGuid = {4431B4B8-6E05-466D-B6E2-9D2315C5B45E}
	EndGlobalSection
EndGlobal
