
Microsoft Visual Studio Solution File, Format Version 12.00
# Visual Studio Version 17
VisualStudioVersion = 17.11.35219.272
MinimumVisualStudioVersion = 10.0.40219.1
Project("{9A19103F-16F7-4668-BE54-9A1E7A4F7556}") = "GennyMaui", "GennyMaui\GennyMaui.csproj", "{6FFCAD8B-C49A-4C89-8345-66DDD01FA96E}"
EndProject
Global
	GlobalSection(SolutionConfigurationPlatforms) = preSolution
		Debug|Any CPU = Debug|Any CPU
		Release|Any CPU = Release|Any CPU
	EndGlobalSection
	GlobalSection(ProjectConfigurationPlatforms) = postSolution
		{6FFCAD8B-C49A-4C89-8345-66DDD01FA96E}.Debug|Any CPU.ActiveCfg = Debug|Any CPU
		{6FFCAD8B-C49A-4C89-8345-66DDD01FA96E}.Debug|Any CPU.Build.0 = Debug|Any CPU
		{6FFCAD8B-C49A-4C89-8345-66DDD01FA96E}.Debug|Any CPU.Deploy.0 = Debug|Any CPU
		{6FFCAD8B-C49A-4C89-8345-66DDD01FA96E}.Release|Any CPU.ActiveCfg = Release|Any CPU
		{6FFCAD8B-C49A-4C89-8345-66DDD01FA96E}.Release|Any CPU.Build.0 = Release|Any CPU
		{6FFCAD8B-C49A-4C89-8345-66DDD01FA96E}.Release|Any CPU.Deploy.0 = Release|Any CPU
	EndGlobalSection
	GlobalSection(SolutionProperties) = preSolution
		HideSolutionNode = FALSE
	EndGlobalSection
	GlobalSection(ExtensibilityGlobals) = postSolution
		SolutionGuid = {044E2864-E43E-48C4-9126-84F9C06A2B7B}
	EndGlobalSection
EndGlobal
